
Microsoft Visual Studio Solution File, Format Version 12.00
# Visual Studio Version 17
VisualStudioVersion = 17.7.34024.191
MinimumVisualStudioVersion = 10.0.40219.1
Project("{8BC9CEB8-8B4A-11D0-8D11-00A0C91BC942}") = "OOP.lab6", "OOP.lab6.vcxproj", "{58E52687-58DC-4AC4-8FBF-A067615C3FEA}"
EndProject
Global
	GlobalSection(SolutionConfigurationPlatforms) = preSolution
		Debug|x64 = Debug|x64
		Debug|x86 = Debug|x86
		Release|x64 = Release|x64
		Release|x86 = Release|x86
	EndGlobalSection
	GlobalSection(ProjectConfigurationPlatforms) = postSolution
		{58E52687-58DC-4AC4-8FBF-A067615C3FEA}.Debug|x64.ActiveCfg = Debug|x64
		{58E52687-58DC-4AC4-8FBF-A067615C3FEA}.Debug|x64.Build.0 = Debug|x64
		{58E52687-58DC-4AC4-8FBF-A067615C3FEA}.Debug|x86.ActiveCfg = Debug|Win32
		{58E52687-58DC-4AC4-8FBF-A067615C3FEA}.Debug|x86.Build.0 = Debug|Win32
		{58E52687-58DC-4AC4-8FBF-A067615C3FEA}.Release|x64.ActiveCfg = Release|x64
		{58E52687-58DC-4AC4-8FBF-A067615C3FEA}.Release|x64.Build.0 = Release|x64
		{58E52687-58DC-4AC4-8FBF-A067615C3FEA}.Release|x86.ActiveCfg = Release|Win32
		{58E52687-58DC-4AC4-8FBF-A067615C3FEA}.Release|x86.Build.0 = Release|Win32
	EndGlobalSection
	GlobalSection(SolutionProperties) = preSolution
		HideSolutionNode = FALSE
	EndGlobalSection
	GlobalSection(ExtensibilityGlobals) = postSolution
		SolutionGuid = {A69DBB20-73A4-42CA-BFD3-3328D58A96F7}
	EndGlobalSection
EndGlobal
